
Microsoft Visual Studio Solution File, Format Version 12.00
# Visual Studio Version 17
VisualStudioVersion = 17.0.31903.59
MinimumVisualStudioVersion = 10.0.40219.1
Project("{2150E333-8FDC-42A3-9474-1A3956D46DE8}") = "Project1", "Project1", "{12E54472-DBA2-4752-BE2C-A46F5034BF10}"
EndProject
Project("{FAE04EC0-301F-11D3-BF4B-00C04F79EFBC}") = "Project1", "Project1\Project1\Project1.csproj", "{58CF6CAA-4741-4C02-8061-DBC16908426D}"
EndProject
Global
	GlobalSection(SolutionConfigurationPlatforms) = preSolution
		Debug|Any CPU = Debug|Any CPU
		Release|Any CPU = Release|Any CPU
	EndGlobalSection
	GlobalSection(SolutionProperties) = preSolution
		HideSolutionNode = FALSE
	EndGlobalSection
	GlobalSection(ProjectConfigurationPlatforms) = postSolution
		{58CF6CAA-4741-4C02-8061-DBC16908426D}.Debug|Any CPU.ActiveCfg = Debug|Any CPU
		{58CF6CAA-4741-4C02-8061-DBC16908426D}.Debug|Any CPU.Build.0 = Debug|Any CPU
		{58CF6CAA-4741-4C02-8061-DBC16908426D}.Release|Any CPU.ActiveCfg = Release|Any CPU
		{58CF6CAA-4741-4C02-8061-DBC16908426D}.Release|Any CPU.Build.0 = Release|Any CPU
	EndGlobalSection
	GlobalSection(NestedProjects) = preSolution
		{58CF6CAA-4741-4C02-8061-DBC16908426D} = {12E54472-DBA2-4752-BE2C-A46F5034BF10}
	EndGlobalSection
EndGlobal
