
Microsoft Visual Studio Solution File, Format Version 12.00
# Visual Studio Version 17
VisualStudioVersion = 17.0.31903.59
MinimumVisualStudioVersion = 10.0.40219.1
Project("{FAE04EC0-301F-11D3-BF4B-00C04F79EFBC}") = "Project9", "Project9\Project9.csproj", "{2FD299CA-6852-4BC5-8EC1-245A5CBBEA45}"
EndProject
Project("{FAE04EC0-301F-11D3-BF4B-00C04F79EFBC}") = "Validator", "..\Common\Validator\Validator.csproj", "{3A6F03E2-145F-42D8-AB65-0C16E15C5092}"
EndProject
Global
	GlobalSection(SolutionConfigurationPlatforms) = preSolution
		Debug|Any CPU = Debug|Any CPU
		Release|Any CPU = Release|Any CPU
	EndGlobalSection
	GlobalSection(ProjectConfigurationPlatforms) = postSolution
		{2FD299CA-6852-4BC5-8EC1-245A5CBBEA45}.Debug|Any CPU.ActiveCfg = Debug|Any CPU
		{2FD299CA-6852-4BC5-8EC1-245A5CBBEA45}.Debug|Any CPU.Build.0 = Debug|Any CPU
		{2FD299CA-6852-4BC5-8EC1-245A5CBBEA45}.Release|Any CPU.ActiveCfg = Release|Any CPU
		{2FD299CA-6852-4BC5-8EC1-245A5CBBEA45}.Release|Any CPU.Build.0 = Release|Any CPU
		{3A6F03E2-145F-42D8-AB65-0C16E15C5092}.Debug|Any CPU.ActiveCfg = Debug|Any CPU
		{3A6F03E2-145F-42D8-AB65-0C16E15C5092}.Debug|Any CPU.Build.0 = Debug|Any CPU
		{3A6F03E2-145F-42D8-AB65-0C16E15C5092}.Release|Any CPU.ActiveCfg = Release|Any CPU
		{3A6F03E2-145F-42D8-AB65-0C16E15C5092}.Release|Any CPU.Build.0 = Release|Any CPU
	EndGlobalSection
	GlobalSection(SolutionProperties) = preSolution
		HideSolutionNode = FALSE
	EndGlobalSection
	GlobalSection(ExtensibilityGlobals) = postSolution
		SolutionGuid = {B5FFAEAE-45D0-48E1-AB97-063EDB7A753F}
	EndGlobalSection
EndGlobal
