
Microsoft Visual Studio Solution File, Format Version 12.00
# Visual Studio Version 17
VisualStudioVersion = 17.2.32519.379
MinimumVisualStudioVersion = 10.0.40219.1
Project("{9A19103F-16F7-4668-BE54-9A1E7A4F7556}") = "RemoteCheckup.Server", "RemoteCheckup.Server\RemoteCheckup.Server.csproj", "{999B9F70-8B1F-42D3-8910-DEA5C91AD2E2}"
EndProject
Global
	GlobalSection(SolutionConfigurationPlatforms) = preSolution
		Debug|Any CPU = Debug|Any CPU
		Release|Any CPU = Release|Any CPU
	EndGlobalSection
	GlobalSection(ProjectConfigurationPlatforms) = postSolution
		{999B9F70-8B1F-42D3-8910-DEA5C91AD2E2}.Debug|Any CPU.ActiveCfg = Debug|Any CPU
		{999B9F70-8B1F-42D3-8910-DEA5C91AD2E2}.Debug|Any CPU.Build.0 = Debug|Any CPU
		{999B9F70-8B1F-42D3-8910-DEA5C91AD2E2}.Release|Any CPU.ActiveCfg = Release|Any CPU
		{999B9F70-8B1F-42D3-8910-DEA5C91AD2E2}.Release|Any CPU.Build.0 = Release|Any CPU
	EndGlobalSection
	GlobalSection(SolutionProperties) = preSolution
		HideSolutionNode = FALSE
	EndGlobalSection
	GlobalSection(ExtensibilityGlobals) = postSolution
		SolutionGuid = {7558F36E-AA79-41C9-A28B-572A734BFFCA}
	EndGlobalSection
EndGlobal
