
Microsoft Visual Studio Solution File, Format Version 12.00
# Visual Studio Version 17
VisualStudioVersion = 17.6.33815.320
MinimumVisualStudioVersion = 10.0.40219.1
Project("{FAE04EC0-301F-11D3-BF4B-00C04F79EFBC}") = "ConsoleApp1", "ConsoleApp1.csproj", "{24881D1E-9522-4C3C-A3C1-92F93A12A3BB}"
EndProject
Project("{FAE04EC0-301F-11D3-BF4B-00C04F79EFBC}") = "Validator", "..\Validator\Validator.csproj", "{D57845B1-F5BA-4644-988D-4D22F5A27BE0}"
EndProject
Global
	GlobalSection(SolutionConfigurationPlatforms) = preSolution
		Debug|Any CPU = Debug|Any CPU
		Release|Any CPU = Release|Any CPU
	EndGlobalSection
	GlobalSection(ProjectConfigurationPlatforms) = postSolution
		{24881D1E-9522-4C3C-A3C1-92F93A12A3BB}.Debug|Any CPU.ActiveCfg = Debug|Any CPU
		{24881D1E-9522-4C3C-A3C1-92F93A12A3BB}.Debug|Any CPU.Build.0 = Debug|Any CPU
		{24881D1E-9522-4C3C-A3C1-92F93A12A3BB}.Release|Any CPU.ActiveCfg = Release|Any CPU
		{24881D1E-9522-4C3C-A3C1-92F93A12A3BB}.Release|Any CPU.Build.0 = Release|Any CPU
		{D57845B1-F5BA-4644-988D-4D22F5A27BE0}.Debug|Any CPU.ActiveCfg = Debug|Any CPU
		{D57845B1-F5BA-4644-988D-4D22F5A27BE0}.Debug|Any CPU.Build.0 = Debug|Any CPU
		{D57845B1-F5BA-4644-988D-4D22F5A27BE0}.Release|Any CPU.ActiveCfg = Release|Any CPU
		{D57845B1-F5BA-4644-988D-4D22F5A27BE0}.Release|Any CPU.Build.0 = Release|Any CPU
	EndGlobalSection
	GlobalSection(SolutionProperties) = preSolution
		HideSolutionNode = FALSE
	EndGlobalSection
	GlobalSection(ExtensibilityGlobals) = postSolution
		SolutionGuid = {7333CDFE-FF6B-48B2-A16D-F07551EF8FDF}
	EndGlobalSection
EndGlobal
